
Microsoft Visual Studio Solution File, Format Version 12.00
# Visual Studio Version 17
VisualStudioVersion = 17.13.35931.197 d17.13
MinimumVisualStudioVersion = 10.0.40219.1
Project("{FAE04EC0-301F-11D3-BF4B-00C04F79EFBC}") = "SecureDocumentManagementSystem_project", "SecureDocumentManagementSystem_project\SecureDocumentManagementSystem_project.csproj", "{55F89583-B900-4947-B621-67D8D317944D}"
EndProject
Global
	GlobalSection(SolutionConfigurationPlatforms) = preSolution
		Debug|Any CPU = Debug|Any CPU
		Release|Any CPU = Release|Any CPU
	EndGlobalSection
	GlobalSection(ProjectConfigurationPlatforms) = postSolution
		{55F89583-B900-4947-B621-67D8D317944D}.Debug|Any CPU.ActiveCfg = Debug|Any CPU
		{55F89583-B900-4947-B621-67D8D317944D}.Debug|Any CPU.Build.0 = Debug|Any CPU
		{55F89583-B900-4947-B621-67D8D317944D}.Release|Any CPU.ActiveCfg = Release|Any CPU
		{55F89583-B900-4947-B621-67D8D317944D}.Release|Any CPU.Build.0 = Release|Any CPU
	EndGlobalSection
	GlobalSection(SolutionProperties) = preSolution
		HideSolutionNode = FALSE
	EndGlobalSection
	GlobalSection(ExtensibilityGlobals) = postSolution
		SolutionGuid = {68CAA1E0-30FC-4873-90C1-9AB84E7CC429}
	EndGlobalSection
EndGlobal
